
Microsoft Visual Studio Solution File, Format Version 12.00
Project("{FAE04EC0-301F-11D3-BF4B-00C04F79EFBC}") = "Weapons", "Weapons\Weapons.csproj", "{0F8B4314-F42D-4ADA-9BD9-42494F705BC3}"
EndProject
Global
	GlobalSection(SolutionConfigurationPlatforms) = preSolution
		Debug|Any CPU = Debug|Any CPU
		Release|Any CPU = Release|Any CPU
	EndGlobalSection
	GlobalSection(ProjectConfigurationPlatforms) = postSolution
		{0F8B4314-F42D-4ADA-9BD9-42494F705BC3}.Debug|Any CPU.ActiveCfg = Debug|Any CPU
		{0F8B4314-F42D-4ADA-9BD9-42494F705BC3}.Debug|Any CPU.Build.0 = Debug|Any CPU
		{0F8B4314-F42D-4ADA-9BD9-42494F705BC3}.Release|Any CPU.ActiveCfg = Release|Any CPU
		{0F8B4314-F42D-4ADA-9BD9-42494F705BC3}.Release|Any CPU.Build.0 = Release|Any CPU
	EndGlobalSection
EndGlobal
