
Microsoft Visual Studio Solution File, Format Version 12.00
Project("{FAE04EC0-301F-11D3-BF4B-00C04F79EFBC}") = "CIV_UnitTesting_Excercises.Tests", "CIV_UnitTesting_Excercises.Tests.csproj", "{1235A23A-0E9E-436A-AC88-DFD822DBE080}"
EndProject
Global
	GlobalSection(SolutionConfigurationPlatforms) = preSolution
		Debug|Any CPU = Debug|Any CPU
		Release|Any CPU = Release|Any CPU
	EndGlobalSection
	GlobalSection(ProjectConfigurationPlatforms) = postSolution
		{1235A23A-0E9E-436A-AC88-DFD822DBE080}.Debug|Any CPU.ActiveCfg = Debug|Any CPU
		{1235A23A-0E9E-436A-AC88-DFD822DBE080}.Debug|Any CPU.Build.0 = Debug|Any CPU
		{1235A23A-0E9E-436A-AC88-DFD822DBE080}.Release|Any CPU.ActiveCfg = Release|Any CPU
		{1235A23A-0E9E-436A-AC88-DFD822DBE080}.Release|Any CPU.Build.0 = Release|Any CPU
	EndGlobalSection
EndGlobal
